// !$*UTF8*$!
{
	archiveVersion = 1;
	classes = {
	};
	objectVersion = 52;
	objects = {

/* Begin PBXBuildFile section */
		5305971F247AE13F00234348 /* AppDelegate.swift in Sources */ = {isa = PBXBuildFile; fileRef = 5305971E247AE13F00234348 /* AppDelegate.swift */; };
		53059721247AE13F00234348 /* SceneDelegate.swift in Sources */ = {isa = PBXBuildFile; fileRef = 53059720247AE13F00234348 /* SceneDelegate.swift */; };
		53059723247AE13F00234348 /* ViewController.swift in Sources */ = {isa = PBXBuildFile; fileRef = 53059722247AE13F00234348 /* ViewController.swift */; };
		53059726247AE13F00234348 /* Main.storyboard in Resources */ = {isa = PBXBuildFile; fileRef = 53059724247AE13F00234348 /* Main.storyboard */; };
		53059728247AE14000234348 /* Assets.xcassets in Resources */ = {isa = PBXBuildFile; fileRef = 53059727247AE14000234348 /* Assets.xcassets */; };
		5305972B247AE14000234348 /* LaunchScreen.storyboard in Resources */ = {isa = PBXBuildFile; fileRef = 53059729247AE14000234348 /* LaunchScreen.storyboard */; };
		53059734247AE3BD00234348 /* Lottie in Frameworks */ = {isa = PBXBuildFile; productRef = 53059733247AE3BD00234348 /* Lottie */; };
		53059736247AEF0500234348 /* TaskCell.swift in Sources */ = {isa = PBXBuildFile; fileRef = 53059735247AEF0500234348 /* TaskCell.swift */; };
		53792192247AF7D200C11A06 /* AddTaskController.swift in Sources */ = {isa = PBXBuildFile; fileRef = 53792191247AF7D200C11A06 /* AddTaskController.swift */; };
/* End PBXBuildFile section */

/* Begin PBXFileReference section */
		5305971B247AE13F00234348 /* Bread Timer.app */ = {isa = PBXFileReference; explicitFileType = wrapper.application; includeInIndex = 0; path = "Bread Timer.app"; sourceTree = BUILT_PRODUCTS_DIR; };
		5305971E247AE13F00234348 /* AppDelegate.swift */ = {isa = PBXFileReference; lastKnownFileType = sourcecode.swift; path = AppDelegate.swift; sourceTree = "<group>"; };
		53059720247AE13F00234348 /* SceneDelegate.swift */ = {isa = PBXFileReference; lastKnownFileType = sourcecode.swift; path = SceneDelegate.swift; sourceTree = "<group>"; };
		53059722247AE13F00234348 /* ViewController.swift */ = {isa = PBXFileReference; lastKnownFileType = sourcecode.swift; path = ViewController.swift; sourceTree = "<group>"; };
		53059725247AE13F00234348 /* Base */ = {isa = PBXFileReference; lastKnownFileType = file.storyboard; name = Base; path = Base.lproj/Main.storyboard; sourceTree = "<group>"; };
		53059727247AE14000234348 /* Assets.xcassets */ = {isa = PBXFileReference; lastKnownFileType = folder.assetcatalog; path = Assets.xcassets; sourceTree = "<group>"; };
		5305972A247AE14000234348 /* Base */ = {isa = PBXFileReference; lastKnownFileType = file.storyboard; name = Base; path = Base.lproj/LaunchScreen.storyboard; sourceTree = "<group>"; };
		5305972C247AE14000234348 /* Info.plist */ = {isa = PBXFileReference; lastKnownFileType = text.plist.xml; path = Info.plist; sourceTree = "<group>"; };
		53059735247AEF0500234348 /* TaskCell.swift */ = {isa = PBXFileReference; lastKnownFileType = sourcecode.swift; path = TaskCell.swift; sourceTree = "<group>"; };
		53792191247AF7D200C11A06 /* AddTaskController.swift */ = {isa = PBXFileReference; lastKnownFileType = sourcecode.swift; path = AddTaskController.swift; sourceTree = "<group>"; };
/* End PBXFileReference section */

/* Begin PBXFrameworksBuildPhase section */
		53059718247AE13E00234348 /* Frameworks */ = {
			isa = PBXFrameworksBuildPhase;
			buildActionMask = 2147483647;
			files = (
				53059734247AE3BD00234348 /* Lottie in Frameworks */,
			);
			runOnlyForDeploymentPostprocessing = 0;
		};
/* End PBXFrameworksBuildPhase section */

/* Begin PBXGroup section */
		53059712247AE13E00234348 = {
			isa = PBXGroup;
			children = (
				5305971D247AE13F00234348 /* Bread Timer */,
				5305971C247AE13F00234348 /* Products */,
			);
			sourceTree = "<group>";
		};
		5305971C247AE13F00234348 /* Products */ = {
			isa = PBXGroup;
			children = (
				5305971B247AE13F00234348 /* Bread Timer.app */,
			);
			name = Products;
			sourceTree = "<group>";
		};
		5305971D247AE13F00234348 /* Bread Timer */ = {
			isa = PBXGroup;
			children = (
				5305971E247AE13F00234348 /* AppDelegate.swift */,
				53059720247AE13F00234348 /* SceneDelegate.swift */,
				53059722247AE13F00234348 /* ViewController.swift */,
				53059724247AE13F00234348 /* Main.storyboard */,
				53792191247AF7D200C11A06 /* AddTaskController.swift */,
				53059735247AEF0500234348 /* TaskCell.swift */,
				53059727247AE14000234348 /* Assets.xcassets */,
				53059729247AE14000234348 /* LaunchScreen.storyboard */,
				5305972C247AE14000234348 /* Info.plist */,
			);
			path = "Bread Timer";
			sourceTree = "<group>";
		};
/* End PBXGroup section */

/* Begin PBXNativeTarget section */
		5305971A247AE13E00234348 /* Bread Timer */ = {
			isa = PBXNativeTarget;
			buildConfigurationList = 5305972F247AE14000234348 /* Build configuration list for PBXNativeTarget "Bread Timer" */;
			buildPhases = (
				53059717247AE13E00234348 /* Sources */,
				53059718247AE13E00234348 /* Frameworks */,
				53059719247AE13E00234348 /* Resources */,
			);
			buildRules = (
			);
			dependencies = (
			);
			name = "Bread Timer";
			packageProductDependencies = (
				53059733247AE3BD00234348 /* Lottie */,
			);
			productName = "Bread Timer";
			productReference = 5305971B247AE13F00234348 /* Bread Timer.app */;
			productType = "com.apple.product-type.application";
		};
/* End PBXNativeTarget section */

/* Begin PBXProject section */
		53059713247AE13E00234348 /* Project object */ = {
			isa = PBXProject;
			attributes = {
				LastSwiftUpdateCheck = 1150;
				LastUpgradeCheck = 1150;
				ORGANIZATIONNAME = "Tim Darragh";
				TargetAttributes = {
					5305971A247AE13E00234348 = {
						CreatedOnToolsVersion = 11.5;
					};
				};
			};
			buildConfigurationList = 53059716247AE13E00234348 /* Build configuration list for PBXProject "Bread Timer" */;
			compatibilityVersion = "Xcode 9.3";
			developmentRegion = en;
			hasScannedForEncodings = 0;
			knownRegions = (
				en,
				Base,
			);
			mainGroup = 53059712247AE13E00234348;
			packageReferences = (
				53059732247AE3BD00234348 /* XCRemoteSwiftPackageReference "lottie-ios" */,
			);
			productRefGroup = 5305971C247AE13F00234348 /* Products */;
			projectDirPath = "";
			projectRoot = "";
			targets = (
				5305971A247AE13E00234348 /* Bread Timer */,
			);
		};
/* End PBXProject section */

/* Begin PBXResourcesBuildPhase section */
		53059719247AE13E00234348 /* Resources */ = {
			isa = PBXResourcesBuildPhase;
			buildActionMask = 2147483647;
			files = (
				5305972B247AE14000234348 /* LaunchScreen.storyboard in Resources */,
				53059728247AE14000234348 /* Assets.xcassets in Resources */,
				53059726247AE13F00234348 /* Main.storyboard in Resources */,
			);
			runOnlyForDeploymentPostprocessing = 0;
		};
/* End PBXResourcesBuildPhase section */

/* Begin PBXSourcesBuildPhase section */
		53059717247AE13E00234348 /* Sources */ = {
			isa = PBXSourcesBuildPhase;
			buildActionMask = 2147483647;
			files = (
				53059736247AEF0500234348 /* TaskCell.swift in Sources */,
				53792192247AF7D200C11A06 /* AddTaskController.swift in Sources */,
				53059723247AE13F00234348 /* ViewController.swift in Sources */,
				5305971F247AE13F00234348 /* AppDelegate.swift in Sources */,
				53059721247AE13F00234348 /* SceneDelegate.swift in Sources */,
			);
			runOnlyForDeploymentPostprocessing = 0;
		};
/* End PBXSourcesBuildPhase section */

/* Begin PBXVariantGroup section */
		53059724247AE13F00234348 /* Main.storyboard */ = {
			isa = PBXVariantGroup;
			children = (
				53059725247AE13F00234348 /* Base */,
			);
			name = Main.storyboard;
			sourceTree = "<group>";
		};
		53059729247AE14000234348 /* LaunchScreen.storyboard */ = {
			isa = PBXVariantGroup;
			children = (
				5305972A247AE14000234348 /* Base */,
			);
			name = LaunchScreen.storyboard;
			sourceTree = "<group>";
		};
/* End PBXVariantGroup section */

/* Begin XCBuildConfiguration section */
		5305972D247AE14000234348 /* Debug */ = {
			isa = XCBuildConfiguration;
			buildSettings = {
				ALWAYS_SEARCH_USER_PATHS = NO;
				CLANG_ANALYZER_NONNULL = YES;
				CLANG_ANALYZER_NUMBER_OBJECT_CONVERSION = YES_AGGRESSIVE;
				CLANG_CXX_LANGUAGE_STANDARD = "gnu++14";
				CLANG_CXX_LIBRARY = "libc++";
				CLANG_ENABLE_MODULES = YES;
				CLANG_ENABLE_OBJC_ARC = YES;
				CLANG_ENABLE_OBJC_WEAK = YES;
				CLANG_WARN_BLOCK_CAPTURE_AUTORELEASING = YES;
				CLANG_WARN_BOOL_CONVERSION = YES;
				CLANG_WARN_COMMA = YES;
				CLANG_WARN_CONSTANT_CONVERSION = YES;
				CLANG_WARN_DEPRECATED_OBJC_IMPLEMENTATIONS = YES;
				CLANG_WARN_DIRECT_OBJC_ISA_USAGE = YES_ERROR;
				CLANG_WARN_DOCUMENTATION_COMMENTS = YES;
				CLANG_WARN_EMPTY_BODY = YES;
				CLANG_WARN_ENUM_CONVERSION = YES;
				CLANG_WARN_INFINITE_RECURSION = YES;
				CLANG_WARN_INT_CONVERSION = YES;
				CLANG_WARN_NON_LITERAL_NULL_CONVERSION = YES;
				CLANG_WARN_OBJC_IMPLICIT_RETAIN_SELF = YES;
				CLANG_WARN_OBJC_LITERAL_CONVERSION = YES;
				CLANG_WARN_OBJC_ROOT_CLASS = YES_ERROR;
				CLANG_WARN_RANGE_LOOP_ANALYSIS = YES;
				CLANG_WARN_STRICT_PROTOTYPES = YES;
				CLANG_WARN_SUSPICIOUS_MOVE = YES;
				CLANG_WARN_UNGUARDED_AVAILABILITY = YES_AGGRESSIVE;
				CLANG_WARN_UNREACHABLE_CODE = YES;
				CLANG_WARN__DUPLICATE_METHOD_MATCH = YES;
				COPY_PHASE_STRIP = NO;
				DEBUG_INFORMATION_FORMAT = dwarf;
				ENABLE_STRICT_OBJC_MSGSEND = YES;
				ENABLE_TESTABILITY = YES;
				GCC_C_LANGUAGE_STANDARD = gnu11;
				GCC_DYNAMIC_NO_PIC = NO;
				GCC_NO_COMMON_BLOCKS = YES;
				GCC_OPTIMIZATION_LEVEL = 0;
				GCC_PREPROCESSOR_DEFINITIONS = (
					"DEBUG=1",
					"$(inherited)",
				);
				GCC_WARN_64_TO_32_BIT_CONVERSION = YES;
				GCC_WARN_ABOUT_RETURN_TYPE = YES_ERROR;
				GCC_WARN_UNDECLARED_SELECTOR = YES;
				GCC_WARN_UNINITIALIZED_AUTOS = YES_AGGRESSIVE;
				GCC_WARN_UNUSED_FUNCTION = YES;
				GCC_WARN_UNUSED_VARIABLE = YES;
				IPHONEOS_DEPLOYMENT_TARGET = 13.5;
				MTL_ENABLE_DEBUG_INFO = INCLUDE_SOURCE;
				MTL_FAST_MATH = YES;
				ONLY_ACTIVE_ARCH = YES;
				SDKROOT = iphoneos;
				SWIFT_ACTIVE_COMPILATION_CONDITIONS = DEBUG;
				SWIFT_OPTIMIZATION_LEVEL = "-Onone";
			};
			name = Debug;
		};
		5305972E247AE14000234348 /* Release */ = {
			isa = XCBuildConfiguration;
			buildSettings = {
				ALWAYS_SEARCH_USER_PATHS = NO;
				CLANG_ANALYZER_NONNULL = YES;
				CLANG_ANALYZER_NUMBER_OBJECT_CONVERSION = YES_AGGRESSIVE;
				CLANG_CXX_LANGUAGE_STANDARD = "gnu++14";
				CLANG_CXX_LIBRARY = "libc++";
				CLANG_ENABLE_MODULES = YES;
				CLANG_ENABLE_OBJC_ARC = YES;
				CLANG_ENABLE_OBJC_WEAK = YES;
				CLANG_WARN_BLOCK_CAPTURE_AUTORELEASING = YES;
				CLANG_WARN_BOOL_CONVERSION = YES;
				CLANG_WARN_COMMA = YES;
				CLANG_WARN_CONSTANT_CONVERSION = YES;
				CLANG_WARN_DEPRECATED_OBJC_IMPLEMENTATIONS = YES;
				CLANG_WARN_DIRECT_OBJC_ISA_USAGE = YES_ERROR;
				CLANG_WARN_DOCUMENTATION_COMMENTS = YES;
				CLANG_WARN_EMPTY_BODY = YES;
				CLANG_WARN_ENUM_CONVERSION = YES;
				CLANG_WARN_INFINITE_RECURSION = YES;
				CLANG_WARN_INT_CONVERSION = YES;
				CLANG_WARN_NON_LITERAL_NULL_CONVERSION = YES;
				CLANG_WARN_OBJC_IMPLICIT_RETAIN_SELF = YES;
				CLANG_WARN_OBJC_LITERAL_CONVERSION = YES;
				CLANG_WARN_OBJC_ROOT_CLASS = YES_ERROR;
				CLANG_WARN_RANGE_LOOP_ANALYSIS = YES;
				CLANG_WARN_STRICT_PROTOTYPES = YES;
				CLANG_WARN_SUSPICIOUS_MOVE = YES;
				CLANG_WARN_UNGUARDED_AVAILABILITY = YES_AGGRESSIVE;
				CLANG_WARN_UNREACHABLE_CODE = YES;
				CLANG_WARN__DUPLICATE_METHOD_MATCH = YES;
				COPY_PHASE_STRIP = NO;
				DEBUG_INFORMATION_FORMAT = "dwarf-with-dsym";
				ENABLE_NS_ASSERTIONS = NO;
				ENABLE_STRICT_OBJC_MSGSEND = YES;
				GCC_C_LANGUAGE_STANDARD = gnu11;
				GCC_NO_COMMON_BLOCKS = YES;
				GCC_WARN_64_TO_32_BIT_CONVERSION = YES;
				GCC_WARN_ABOUT_RETURN_TYPE = YES_ERROR;
				GCC_WARN_UNDECLARED_SELECTOR = YES;
				GCC_WARN_UNINITIALIZED_AUTOS = YES_AGGRESSIVE;
				GCC_WARN_UNUSED_FUNCTION = YES;
				GCC_WARN_UNUSED_VARIABLE = YES;
				IPHONEOS_DEPLOYMENT_TARGET = 13.5;
				MTL_ENABLE_DEBUG_INFO = NO;
				MTL_FAST_MATH = YES;
				SDKROOT = iphoneos;
				SWIFT_COMPILATION_MODE = wholemodule;
				SWIFT_OPTIMIZATION_LEVEL = "-O";
				VALIDATE_PRODUCT = YES;
			};
			name = Release;
		};
		53059730247AE14000234348 /* Debug */ = {
			isa = XCBuildConfiguration;
			buildSettings = {
				ASSETCATALOG_COMPILER_APPICON_NAME = AppIcon;
				CODE_SIGN_STYLE = Automatic;
				DEVELOPMENT_TEAM = F7W8TM3A96;
				INFOPLIST_FILE = "Bread Timer/Info.plist";
				LD_RUNPATH_SEARCH_PATHS = (
					"$(inherited)",
					"@executable_path/Frameworks",
				);
				PRODUCT_BUNDLE_IDENTIFIER = "com.TimDarragh.Bread-Timer";
				PRODUCT_NAME = "$(TARGET_NAME)";
				SWIFT_VERSION = 5.0;
				TARGETED_DEVICE_FAMILY = "1,2";
			};
			name = Debug;
		};
		53059731247AE14000234348 /* Release */ = {
			isa = XCBuildConfiguration;
			buildSettings = {
				ASSETCATALOG_COMPILER_APPICON_NAME = AppIcon;
				CODE_SIGN_STYLE = Automatic;
				DEVELOPMENT_TEAM = F7W8TM3A96;
				INFOPLIST_FILE = "Bread Timer/Info.plist";
				LD_RUNPATH_SEARCH_PATHS = (
					"$(inherited)",
					"@executable_path/Frameworks",
				);
				PRODUCT_BUNDLE_IDENTIFIER = "com.TimDarragh.Bread-Timer";
				PRODUCT_NAME = "$(TARGET_NAME)";
				SWIFT_VERSION = 5.0;
				TARGETED_DEVICE_FAMILY = "1,2";
			};
			name = Release;
		};
/* End XCBuildConfiguration section */

/* Begin XCConfigurationList section */
		53059716247AE13E00234348 /* Build configuration list for PBXProject "Bread Timer" */ = {
			isa = XCConfigurationList;
			buildConfigurations = (
				5305972D247AE14000234348 /* Debug */,
				5305972E247AE14000234348 /* Release */,
			);
			defaultConfigurationIsVisible = 0;
			defaultConfigurationName = Release;
		};
		5305972F247AE14000234348 /* Build configuration list for PBXNativeTarget "Bread Timer" */ = {
			isa = XCConfigurationList;
			buildConfigurations = (
				53059730247AE14000234348 /* Debug */,
				53059731247AE14000234348 /* Release */,
			);
			defaultConfigurationIsVisible = 0;
			defaultConfigurationName = Release;
		};
/* End XCConfigurationList section */

/* Begin XCRemoteSwiftPackageReference section */
		53059732247AE3BD00234348 /* XCRemoteSwiftPackageReference "lottie-ios" */ = {
			isa = XCRemoteSwiftPackageReference;
			repositoryURL = "https://github.com/airbnb/lottie-ios";
			requirement = {
				kind = upToNextMajorVersion;
				minimumVersion = 3.1.8;
			};
		};
/* End XCRemoteSwiftPackageReference section */

/* Begin XCSwiftPackageProductDependency section */
		53059733247AE3BD00234348 /* Lottie */ = {
			isa = XCSwiftPackageProductDependency;
			package = 53059732247AE3BD00234348 /* XCRemoteSwiftPackageReference "lottie-ios" */;
			productName = Lottie;
		};
/* End XCSwiftPackageProductDependency section */
	};
	rootObject = 53059713247AE13E00234348 /* Project object */;
}
